
Microsoft Visual Studio Solution File, Format Version 12.00
# Visual Studio Version 17
VisualStudioVersion = 17.8.34330.188
MinimumVisualStudioVersion = 10.0.40219.1
Project("{FAE04EC0-301F-11D3-BF4B-00C04F79EFBC}") = "SoapBaseAPI", "SoapBaseAPI\SoapBaseAPI.csproj", "{1E2102AF-E8DA-4B3A-8608-6EBE8BF41759}"
EndProject
Global
	GlobalSection(SolutionConfigurationPlatforms) = preSolution
		Debug|Any CPU = Debug|Any CPU
		Release|Any CPU = Release|Any CPU
	EndGlobalSection
	GlobalSection(ProjectConfigurationPlatforms) = postSolution
		{1E2102AF-E8DA-4B3A-8608-6EBE8BF41759}.Debug|Any CPU.ActiveCfg = Debug|Any CPU
		{1E2102AF-E8DA-4B3A-8608-6EBE8BF41759}.Debug|Any CPU.Build.0 = Debug|Any CPU
		{1E2102AF-E8DA-4B3A-8608-6EBE8BF41759}.Release|Any CPU.ActiveCfg = Release|Any CPU
		{1E2102AF-E8DA-4B3A-8608-6EBE8BF41759}.Release|Any CPU.Build.0 = Release|Any CPU
	EndGlobalSection
	GlobalSection(SolutionProperties) = preSolution
		HideSolutionNode = FALSE
	EndGlobalSection
	GlobalSection(ExtensibilityGlobals) = postSolution
		SolutionGuid = {A6C6AFA1-8D8A-42B6-8188-6E390D9B1085}
	EndGlobalSection
EndGlobal
