
Microsoft Visual Studio Solution File, Format Version 12.00
# Visual Studio Version 17
VisualStudioVersion = 17.8.34330.188
MinimumVisualStudioVersion = 10.0.40219.1
Project("{FAE04EC0-301F-11D3-BF4B-00C04F79EFBC}") = "Dashmin_Panel", "Dashmin_Panel\Dashmin_Panel.csproj", "{D74EA9D7-8B4D-4132-B6F4-55F1A5BAAC41}"
EndProject
Global
	GlobalSection(SolutionConfigurationPlatforms) = preSolution
		Debug|Any CPU = Debug|Any CPU
		Release|Any CPU = Release|Any CPU
	EndGlobalSection
	GlobalSection(ProjectConfigurationPlatforms) = postSolution
		{D74EA9D7-8B4D-4132-B6F4-55F1A5BAAC41}.Debug|Any CPU.ActiveCfg = Debug|Any CPU
		{D74EA9D7-8B4D-4132-B6F4-55F1A5BAAC41}.Debug|Any CPU.Build.0 = Debug|Any CPU
		{D74EA9D7-8B4D-4132-B6F4-55F1A5BAAC41}.Release|Any CPU.ActiveCfg = Release|Any CPU
		{D74EA9D7-8B4D-4132-B6F4-55F1A5BAAC41}.Release|Any CPU.Build.0 = Release|Any CPU
	EndGlobalSection
	GlobalSection(SolutionProperties) = preSolution
		HideSolutionNode = FALSE
	EndGlobalSection
	GlobalSection(ExtensibilityGlobals) = postSolution
		SolutionGuid = {5D07FCFE-8237-4C70-B8D8-3C32B4F86A43}
	EndGlobalSection
EndGlobal
