
Microsoft Visual Studio Solution File, Format Version 12.00
# Visual Studio Version 17
VisualStudioVersion = 17.8.34330.188
MinimumVisualStudioVersion = 10.0.40219.1
Project("{FAE04EC0-301F-11D3-BF4B-00C04F79EFBC}") = "BulkyWeb", "BulkyWeb\BulkyWeb.csproj", "{37154454-93F3-41A0-8A6B-1219F8D29FE9}"
EndProject
Global
	GlobalSection(SolutionConfigurationPlatforms) = preSolution
		Debug|Any CPU = Debug|Any CPU
		Release|Any CPU = Release|Any CPU
	EndGlobalSection
	GlobalSection(ProjectConfigurationPlatforms) = postSolution
		{37154454-93F3-41A0-8A6B-1219F8D29FE9}.Debug|Any CPU.ActiveCfg = Debug|Any CPU
		{37154454-93F3-41A0-8A6B-1219F8D29FE9}.Debug|Any CPU.Build.0 = Debug|Any CPU
		{37154454-93F3-41A0-8A6B-1219F8D29FE9}.Release|Any CPU.ActiveCfg = Release|Any CPU
		{37154454-93F3-41A0-8A6B-1219F8D29FE9}.Release|Any CPU.Build.0 = Release|Any CPU
	EndGlobalSection
	GlobalSection(SolutionProperties) = preSolution
		HideSolutionNode = FALSE
	EndGlobalSection
	GlobalSection(ExtensibilityGlobals) = postSolution
		SolutionGuid = {AED40876-83AF-4FA4-B99E-07359AC6AD1A}
	EndGlobalSection
EndGlobal
