
Microsoft Visual Studio Solution File, Format Version 12.00
# Visual Studio Version 17
VisualStudioVersion = 17.8.34330.188
MinimumVisualStudioVersion = 10.0.40219.1
Project("{FAE04EC0-301F-11D3-BF4B-00C04F79EFBC}") = "Excell-On-Service", "Excell-On-Service\Excell-On-Service.csproj", "{7E3BA847-ECBD-4C13-9DD6-7548A92E0EF5}"
EndProject
Global
	GlobalSection(SolutionConfigurationPlatforms) = preSolution
		Debug|Any CPU = Debug|Any CPU
		Release|Any CPU = Release|Any CPU
	EndGlobalSection
	GlobalSection(ProjectConfigurationPlatforms) = postSolution
		{7E3BA847-ECBD-4C13-9DD6-7548A92E0EF5}.Debug|Any CPU.ActiveCfg = Debug|Any CPU
		{7E3BA847-ECBD-4C13-9DD6-7548A92E0EF5}.Debug|Any CPU.Build.0 = Debug|Any CPU
		{7E3BA847-ECBD-4C13-9DD6-7548A92E0EF5}.Release|Any CPU.ActiveCfg = Release|Any CPU
		{7E3BA847-ECBD-4C13-9DD6-7548A92E0EF5}.Release|Any CPU.Build.0 = Release|Any CPU
	EndGlobalSection
	GlobalSection(SolutionProperties) = preSolution
		HideSolutionNode = FALSE
	EndGlobalSection
	GlobalSection(ExtensibilityGlobals) = postSolution
		SolutionGuid = {D26728EF-977B-4803-A941-FFAC4C2C6492}
	EndGlobalSection
EndGlobal
