
Microsoft Visual Studio Solution File, Format Version 12.00
# Visual Studio Version 17
VisualStudioVersion = 17.8.34330.188
MinimumVisualStudioVersion = 10.0.40219.1
Project("{FAE04EC0-301F-11D3-BF4B-00C04F79EFBC}") = "RazorPagesMovie", "RazorPagesMovie\RazorPagesMovie.csproj", "{3FEE1E68-7274-4773-828F-9BEE803327CA}"
EndProject
Global
	GlobalSection(SolutionConfigurationPlatforms) = preSolution
		Debug|Any CPU = Debug|Any CPU
		Release|Any CPU = Release|Any CPU
	EndGlobalSection
	GlobalSection(ProjectConfigurationPlatforms) = postSolution
		{3FEE1E68-7274-4773-828F-9BEE803327CA}.Debug|Any CPU.ActiveCfg = Debug|Any CPU
		{3FEE1E68-7274-4773-828F-9BEE803327CA}.Debug|Any CPU.Build.0 = Debug|Any CPU
		{3FEE1E68-7274-4773-828F-9BEE803327CA}.Release|Any CPU.ActiveCfg = Release|Any CPU
		{3FEE1E68-7274-4773-828F-9BEE803327CA}.Release|Any CPU.Build.0 = Release|Any CPU
	EndGlobalSection
	GlobalSection(SolutionProperties) = preSolution
		HideSolutionNode = FALSE
	EndGlobalSection
	GlobalSection(ExtensibilityGlobals) = postSolution
		SolutionGuid = {F463E7C4-D96E-490E-AAE8-31637B5F0EC0}
	EndGlobalSection
EndGlobal
