
Microsoft Visual Studio Solution File, Format Version 12.00
# Visual Studio Version 17
VisualStudioVersion = 17.8.34330.188
MinimumVisualStudioVersion = 10.0.40219.1
Project("{FAE04EC0-301F-11D3-BF4B-00C04F79EFBC}") = "UseSaopBaseApi", "UseSaopBaseApi\UseSaopBaseApi.csproj", "{F96D7865-4773-4076-AE48-11E9CEE763FB}"
EndProject
Global
	GlobalSection(SolutionConfigurationPlatforms) = preSolution
		Debug|Any CPU = Debug|Any CPU
		Release|Any CPU = Release|Any CPU
	EndGlobalSection
	GlobalSection(ProjectConfigurationPlatforms) = postSolution
		{F96D7865-4773-4076-AE48-11E9CEE763FB}.Debug|Any CPU.ActiveCfg = Debug|Any CPU
		{F96D7865-4773-4076-AE48-11E9CEE763FB}.Debug|Any CPU.Build.0 = Debug|Any CPU
		{F96D7865-4773-4076-AE48-11E9CEE763FB}.Release|Any CPU.ActiveCfg = Release|Any CPU
		{F96D7865-4773-4076-AE48-11E9CEE763FB}.Release|Any CPU.Build.0 = Release|Any CPU
	EndGlobalSection
	GlobalSection(SolutionProperties) = preSolution
		HideSolutionNode = FALSE
	EndGlobalSection
	GlobalSection(ExtensibilityGlobals) = postSolution
		SolutionGuid = {0AEDAD7E-CA5D-4CBC-99FD-2E38A5F32BF0}
	EndGlobalSection
EndGlobal
