
Microsoft Visual Studio Solution File, Format Version 12.00
# Visual Studio Version 17
VisualStudioVersion = 17.8.34330.188
MinimumVisualStudioVersion = 10.0.40219.1
Project("{FAE04EC0-301F-11D3-BF4B-00C04F79EFBC}") = "Snake", "Snake\Snake.csproj", "{AFF5754A-4628-479E-AEED-3822C1E17D5A}"
EndProject
Global
	GlobalSection(SolutionConfigurationPlatforms) = preSolution
		Debug|Any CPU = Debug|Any CPU
		Release|Any CPU = Release|Any CPU
	EndGlobalSection
	GlobalSection(ProjectConfigurationPlatforms) = postSolution
		{AFF5754A-4628-479E-AEED-3822C1E17D5A}.Debug|Any CPU.ActiveCfg = Debug|Any CPU
		{AFF5754A-4628-479E-AEED-3822C1E17D5A}.Debug|Any CPU.Build.0 = Debug|Any CPU
		{AFF5754A-4628-479E-AEED-3822C1E17D5A}.Release|Any CPU.ActiveCfg = Release|Any CPU
		{AFF5754A-4628-479E-AEED-3822C1E17D5A}.Release|Any CPU.Build.0 = Release|Any CPU
	EndGlobalSection
	GlobalSection(SolutionProperties) = preSolution
		HideSolutionNode = FALSE
	EndGlobalSection
	GlobalSection(ExtensibilityGlobals) = postSolution
		SolutionGuid = {D0462E74-1891-4989-BA01-0177C1F1E031}
	EndGlobalSection
EndGlobal
