
Microsoft Visual Studio Solution File, Format Version 12.00
# Visual Studio Version 17
VisualStudioVersion = 17.8.34330.188
MinimumVisualStudioVersion = 10.0.40219.1
Project("{FAE04EC0-301F-11D3-BF4B-00C04F79EFBC}") = "CrudWithAjax02", "CrudWithAjax02\CrudWithAjax02.csproj", "{E435938C-1B1C-4423-8A4F-00A5AB3F9B6F}"
EndProject
Global
	GlobalSection(SolutionConfigurationPlatforms) = preSolution
		Debug|Any CPU = Debug|Any CPU
		Release|Any CPU = Release|Any CPU
	EndGlobalSection
	GlobalSection(ProjectConfigurationPlatforms) = postSolution
		{E435938C-1B1C-4423-8A4F-00A5AB3F9B6F}.Debug|Any CPU.ActiveCfg = Debug|Any CPU
		{E435938C-1B1C-4423-8A4F-00A5AB3F9B6F}.Debug|Any CPU.Build.0 = Debug|Any CPU
		{E435938C-1B1C-4423-8A4F-00A5AB3F9B6F}.Release|Any CPU.ActiveCfg = Release|Any CPU
		{E435938C-1B1C-4423-8A4F-00A5AB3F9B6F}.Release|Any CPU.Build.0 = Release|Any CPU
	EndGlobalSection
	GlobalSection(SolutionProperties) = preSolution
		HideSolutionNode = FALSE
	EndGlobalSection
	GlobalSection(ExtensibilityGlobals) = postSolution
		SolutionGuid = {EED1A985-569E-4045-9ED6-E0E83489FE09}
	EndGlobalSection
EndGlobal
