
Microsoft Visual Studio Solution File, Format Version 12.00
# Visual Studio Version 17
VisualStudioVersion = 17.8.34330.188
MinimumVisualStudioVersion = 10.0.40219.1
Project("{FAE04EC0-301F-11D3-BF4B-00C04F79EFBC}") = "PracticeToMVCCore", "PracticeToMVCCore\PracticeToMVCCore.csproj", "{9681DA98-1D68-43EE-9EC8-C70758DAEC30}"
EndProject
Global
	GlobalSection(SolutionConfigurationPlatforms) = preSolution
		Debug|Any CPU = Debug|Any CPU
		Release|Any CPU = Release|Any CPU
	EndGlobalSection
	GlobalSection(ProjectConfigurationPlatforms) = postSolution
		{9681DA98-1D68-43EE-9EC8-C70758DAEC30}.Debug|Any CPU.ActiveCfg = Debug|Any CPU
		{9681DA98-1D68-43EE-9EC8-C70758DAEC30}.Debug|Any CPU.Build.0 = Debug|Any CPU
		{9681DA98-1D68-43EE-9EC8-C70758DAEC30}.Release|Any CPU.ActiveCfg = Release|Any CPU
		{9681DA98-1D68-43EE-9EC8-C70758DAEC30}.Release|Any CPU.Build.0 = Release|Any CPU
	EndGlobalSection
	GlobalSection(SolutionProperties) = preSolution
		HideSolutionNode = FALSE
	EndGlobalSection
	GlobalSection(ExtensibilityGlobals) = postSolution
		SolutionGuid = {876469DD-7154-4DE7-91FD-FBD8764BDE05}
	EndGlobalSection
EndGlobal
