
Microsoft Visual Studio Solution File, Format Version 12.00
# Visual Studio Version 17
VisualStudioVersion = 17.8.34330.188
MinimumVisualStudioVersion = 10.0.40219.1
Project("{FAE04EC0-301F-11D3-BF4B-00C04F79EFBC}") = "ExcellServices", "ExcellServices\ExcellServices.csproj", "{DD863EAE-53DA-4AC9-B6A5-932227503D03}"
EndProject
Global
	GlobalSection(SolutionConfigurationPlatforms) = preSolution
		Debug|Any CPU = Debug|Any CPU
		Release|Any CPU = Release|Any CPU
	EndGlobalSection
	GlobalSection(ProjectConfigurationPlatforms) = postSolution
		{DD863EAE-53DA-4AC9-B6A5-932227503D03}.Debug|Any CPU.ActiveCfg = Debug|Any CPU
		{DD863EAE-53DA-4AC9-B6A5-932227503D03}.Debug|Any CPU.Build.0 = Debug|Any CPU
		{DD863EAE-53DA-4AC9-B6A5-932227503D03}.Release|Any CPU.ActiveCfg = Release|Any CPU
		{DD863EAE-53DA-4AC9-B6A5-932227503D03}.Release|Any CPU.Build.0 = Release|Any CPU
	EndGlobalSection
	GlobalSection(SolutionProperties) = preSolution
		HideSolutionNode = FALSE
	EndGlobalSection
	GlobalSection(ExtensibilityGlobals) = postSolution
		SolutionGuid = {41AB1BC1-22F4-4B8E-A257-D021DFDF777D}
	EndGlobalSection
EndGlobal
