
Microsoft Visual Studio Solution File, Format Version 12.00
# Visual Studio Version 17
VisualStudioVersion = 17.8.34330.188
MinimumVisualStudioVersion = 10.0.40219.1
Project("{FAE04EC0-301F-11D3-BF4B-00C04F79EFBC}") = "PracticeWebAPIUsage", "PracticeWebAPIUsage\PracticeWebAPIUsage.csproj", "{DA9A4504-BF52-464D-9DC0-4044CBE7BF21}"
EndProject
Global
	GlobalSection(SolutionConfigurationPlatforms) = preSolution
		Debug|Any CPU = Debug|Any CPU
		Release|Any CPU = Release|Any CPU
	EndGlobalSection
	GlobalSection(ProjectConfigurationPlatforms) = postSolution
		{DA9A4504-BF52-464D-9DC0-4044CBE7BF21}.Debug|Any CPU.ActiveCfg = Debug|Any CPU
		{DA9A4504-BF52-464D-9DC0-4044CBE7BF21}.Debug|Any CPU.Build.0 = Debug|Any CPU
		{DA9A4504-BF52-464D-9DC0-4044CBE7BF21}.Release|Any CPU.ActiveCfg = Release|Any CPU
		{DA9A4504-BF52-464D-9DC0-4044CBE7BF21}.Release|Any CPU.Build.0 = Release|Any CPU
	EndGlobalSection
	GlobalSection(SolutionProperties) = preSolution
		HideSolutionNode = FALSE
	EndGlobalSection
	GlobalSection(ExtensibilityGlobals) = postSolution
		SolutionGuid = {DB53BF47-772B-4703-8432-1C1DC671DA8F}
	EndGlobalSection
EndGlobal
