
Microsoft Visual Studio Solution File, Format Version 12.00
# Visual Studio Version 17
VisualStudioVersion = 17.8.34330.188
MinimumVisualStudioVersion = 10.0.40219.1
Project("{FAE04EC0-301F-11D3-BF4B-00C04F79EFBC}") = "EMarketingProject", "EMarketingProject\EMarketingProject.csproj", "{B4EE2EEC-79DD-46B3-9C42-9253F21D8E92}"
EndProject
Global
	GlobalSection(SolutionConfigurationPlatforms) = preSolution
		Debug|Any CPU = Debug|Any CPU
		Release|Any CPU = Release|Any CPU
	EndGlobalSection
	GlobalSection(ProjectConfigurationPlatforms) = postSolution
		{B4EE2EEC-79DD-46B3-9C42-9253F21D8E92}.Debug|Any CPU.ActiveCfg = Debug|Any CPU
		{B4EE2EEC-79DD-46B3-9C42-9253F21D8E92}.Debug|Any CPU.Build.0 = Debug|Any CPU
		{B4EE2EEC-79DD-46B3-9C42-9253F21D8E92}.Release|Any CPU.ActiveCfg = Release|Any CPU
		{B4EE2EEC-79DD-46B3-9C42-9253F21D8E92}.Release|Any CPU.Build.0 = Release|Any CPU
	EndGlobalSection
	GlobalSection(SolutionProperties) = preSolution
		HideSolutionNode = FALSE
	EndGlobalSection
	GlobalSection(ExtensibilityGlobals) = postSolution
		SolutionGuid = {1FF0EB30-E718-4524-B249-DE8886DB7D67}
	EndGlobalSection
EndGlobal
