
Microsoft Visual Studio Solution File, Format Version 12.00
# Visual Studio Version 17
VisualStudioVersion = 17.8.34330.188
MinimumVisualStudioVersion = 10.0.40219.1
Project("{FAE04EC0-301F-11D3-BF4B-00C04F79EFBC}") = "UsageOfSaopAPI", "UsageOfSaopAPI\UsageOfSaopAPI.csproj", "{1164CA56-4AA2-4027-89B5-A12D41AD12F4}"
EndProject
Global
	GlobalSection(SolutionConfigurationPlatforms) = preSolution
		Debug|Any CPU = Debug|Any CPU
		Release|Any CPU = Release|Any CPU
	EndGlobalSection
	GlobalSection(ProjectConfigurationPlatforms) = postSolution
		{1164CA56-4AA2-4027-89B5-A12D41AD12F4}.Debug|Any CPU.ActiveCfg = Debug|Any CPU
		{1164CA56-4AA2-4027-89B5-A12D41AD12F4}.Debug|Any CPU.Build.0 = Debug|Any CPU
		{1164CA56-4AA2-4027-89B5-A12D41AD12F4}.Release|Any CPU.ActiveCfg = Release|Any CPU
		{1164CA56-4AA2-4027-89B5-A12D41AD12F4}.Release|Any CPU.Build.0 = Release|Any CPU
	EndGlobalSection
	GlobalSection(SolutionProperties) = preSolution
		HideSolutionNode = FALSE
	EndGlobalSection
	GlobalSection(ExtensibilityGlobals) = postSolution
		SolutionGuid = {C5EF9E34-F1BD-41A7-91EF-66F4EE15601B}
	EndGlobalSection
EndGlobal
