
Microsoft Visual Studio Solution File, Format Version 12.00
# Visual Studio Version 17
VisualStudioVersion = 17.8.34330.188
MinimumVisualStudioVersion = 10.0.40219.1
Project("{FAE04EC0-301F-11D3-BF4B-00C04F79EFBC}") = "MvcLoginPage", "MvcLoginPage\MvcLoginPage.csproj", "{0AE3045D-2205-4914-BDC3-CC6CF432AFB5}"
EndProject
Global
	GlobalSection(SolutionConfigurationPlatforms) = preSolution
		Debug|Any CPU = Debug|Any CPU
		Release|Any CPU = Release|Any CPU
	EndGlobalSection
	GlobalSection(ProjectConfigurationPlatforms) = postSolution
		{0AE3045D-2205-4914-BDC3-CC6CF432AFB5}.Debug|Any CPU.ActiveCfg = Debug|Any CPU
		{0AE3045D-2205-4914-BDC3-CC6CF432AFB5}.Debug|Any CPU.Build.0 = Debug|Any CPU
		{0AE3045D-2205-4914-BDC3-CC6CF432AFB5}.Release|Any CPU.ActiveCfg = Release|Any CPU
		{0AE3045D-2205-4914-BDC3-CC6CF432AFB5}.Release|Any CPU.Build.0 = Release|Any CPU
	EndGlobalSection
	GlobalSection(SolutionProperties) = preSolution
		HideSolutionNode = FALSE
	EndGlobalSection
	GlobalSection(ExtensibilityGlobals) = postSolution
		SolutionGuid = {0934F4D2-892C-4CA6-99E4-6C72C538C17D}
	EndGlobalSection
EndGlobal
