
Microsoft Visual Studio Solution File, Format Version 12.00
# Visual Studio Version 17
VisualStudioVersion = 17.8.34330.188
MinimumVisualStudioVersion = 10.0.40219.1
Project("{FAE04EC0-301F-11D3-BF4B-00C04F79EFBC}") = "AjaxLearning", "AjaxLearning\AjaxLearning.csproj", "{62B85CA7-70C6-4185-B378-89243C53643D}"
EndProject
Global
	GlobalSection(SolutionConfigurationPlatforms) = preSolution
		Debug|Any CPU = Debug|Any CPU
		Release|Any CPU = Release|Any CPU
	EndGlobalSection
	GlobalSection(ProjectConfigurationPlatforms) = postSolution
		{62B85CA7-70C6-4185-B378-89243C53643D}.Debug|Any CPU.ActiveCfg = Debug|Any CPU
		{62B85CA7-70C6-4185-B378-89243C53643D}.Debug|Any CPU.Build.0 = Debug|Any CPU
		{62B85CA7-70C6-4185-B378-89243C53643D}.Release|Any CPU.ActiveCfg = Release|Any CPU
		{62B85CA7-70C6-4185-B378-89243C53643D}.Release|Any CPU.Build.0 = Release|Any CPU
	EndGlobalSection
	GlobalSection(SolutionProperties) = preSolution
		HideSolutionNode = FALSE
	EndGlobalSection
	GlobalSection(ExtensibilityGlobals) = postSolution
		SolutionGuid = {2124DAB8-68DC-45DA-ADF7-989EB1B6EAD1}
	EndGlobalSection
EndGlobal
