
Microsoft Visual Studio Solution File, Format Version 12.00
# Visual Studio Version 17
VisualStudioVersion = 17.8.34330.188
MinimumVisualStudioVersion = 10.0.40219.1
Project("{FAE04EC0-301F-11D3-BF4B-00C04F79EFBC}") = "MauiApp3", "MauiApp3\MauiApp3.csproj", "{6928B83A-2C97-4197-AD59-52C0AAF361E2}"
EndProject
Global
	GlobalSection(SolutionConfigurationPlatforms) = preSolution
		Debug|Any CPU = Debug|Any CPU
		Release|Any CPU = Release|Any CPU
	EndGlobalSection
	GlobalSection(ProjectConfigurationPlatforms) = postSolution
		{6928B83A-2C97-4197-AD59-52C0AAF361E2}.Debug|Any CPU.ActiveCfg = Debug|Any CPU
		{6928B83A-2C97-4197-AD59-52C0AAF361E2}.Debug|Any CPU.Build.0 = Debug|Any CPU
		{6928B83A-2C97-4197-AD59-52C0AAF361E2}.Debug|Any CPU.Deploy.0 = Debug|Any CPU
		{6928B83A-2C97-4197-AD59-52C0AAF361E2}.Release|Any CPU.ActiveCfg = Release|Any CPU
		{6928B83A-2C97-4197-AD59-52C0AAF361E2}.Release|Any CPU.Build.0 = Release|Any CPU
		{6928B83A-2C97-4197-AD59-52C0AAF361E2}.Release|Any CPU.Deploy.0 = Release|Any CPU
	EndGlobalSection
	GlobalSection(SolutionProperties) = preSolution
		HideSolutionNode = FALSE
	EndGlobalSection
	GlobalSection(ExtensibilityGlobals) = postSolution
		SolutionGuid = {55E6C96A-2778-4C8A-ACB4-2FE93FBEE5AC}
	EndGlobalSection
EndGlobal
