
Microsoft Visual Studio Solution File, Format Version 12.00
# Visual Studio Version 17
VisualStudioVersion = 17.8.34330.188
MinimumVisualStudioVersion = 10.0.40219.1
Project("{FAE04EC0-301F-11D3-BF4B-00C04F79EFBC}") = "OrderFormsForMedical", "OrderFormsForMedical\OrderFormsForMedical.csproj", "{618477B9-38B0-4083-8068-0D6D199A52CD}"
EndProject
Global
	GlobalSection(SolutionConfigurationPlatforms) = preSolution
		Debug|Any CPU = Debug|Any CPU
		Release|Any CPU = Release|Any CPU
	EndGlobalSection
	GlobalSection(ProjectConfigurationPlatforms) = postSolution
		{618477B9-38B0-4083-8068-0D6D199A52CD}.Debug|Any CPU.ActiveCfg = Debug|Any CPU
		{618477B9-38B0-4083-8068-0D6D199A52CD}.Debug|Any CPU.Build.0 = Debug|Any CPU
		{618477B9-38B0-4083-8068-0D6D199A52CD}.Release|Any CPU.ActiveCfg = Release|Any CPU
		{618477B9-38B0-4083-8068-0D6D199A52CD}.Release|Any CPU.Build.0 = Release|Any CPU
	EndGlobalSection
	GlobalSection(SolutionProperties) = preSolution
		HideSolutionNode = FALSE
	EndGlobalSection
	GlobalSection(ExtensibilityGlobals) = postSolution
		SolutionGuid = {E2338A01-933D-40B1-AB17-AE927CDFA268}
	EndGlobalSection
EndGlobal
