
Microsoft Visual Studio Solution File, Format Version 12.00
# Visual Studio Version 17
VisualStudioVersion = 17.8.34330.188
MinimumVisualStudioVersion = 10.0.40219.1
Project("{FAE04EC0-301F-11D3-BF4B-00C04F79EFBC}") = "MDCForms", "MDCForms\MDCForms.csproj", "{CC1FAB61-F9E9-4DBC-AB65-A62262BCD919}"
EndProject
Global
	GlobalSection(SolutionConfigurationPlatforms) = preSolution
		Debug|Any CPU = Debug|Any CPU
		Release|Any CPU = Release|Any CPU
	EndGlobalSection
	GlobalSection(ProjectConfigurationPlatforms) = postSolution
		{CC1FAB61-F9E9-4DBC-AB65-A62262BCD919}.Debug|Any CPU.ActiveCfg = Debug|Any CPU
		{CC1FAB61-F9E9-4DBC-AB65-A62262BCD919}.Debug|Any CPU.Build.0 = Debug|Any CPU
		{CC1FAB61-F9E9-4DBC-AB65-A62262BCD919}.Release|Any CPU.ActiveCfg = Release|Any CPU
		{CC1FAB61-F9E9-4DBC-AB65-A62262BCD919}.Release|Any CPU.Build.0 = Release|Any CPU
	EndGlobalSection
	GlobalSection(SolutionProperties) = preSolution
		HideSolutionNode = FALSE
	EndGlobalSection
	GlobalSection(ExtensibilityGlobals) = postSolution
		SolutionGuid = {142793CF-54E0-4D45-A8D5-BAC8D5F70D33}
	EndGlobalSection
EndGlobal
